
Microsoft Visual Studio Solution File, Format Version 11.00
# Visual Studio 2010
Project("{FAE04EC0-301F-11D3-BF4B-00C04F79EFBC}") = "BlackPearlProject", "BlackPearlProject\BlackPearlProject\BlackPearlProject.csproj", "{636B2D80-DCD4-4026-A58A-AF32E3D957E0}"
EndProject
Project("{96E2B04D-8817-42C6-938A-82C39BA4D311}") = "BlackPearlProjectContent", "BlackPearlProject\BlackPearlProjectContent\BlackPearlProjectContent.contentproj", "{C63758A8-4045-4F73-A3FE-D6344B339B65}"
EndProject
Global
	GlobalSection(SolutionConfigurationPlatforms) = preSolution
		Debug|x86 = Debug|x86
		Release|x86 = Release|x86
	EndGlobalSection
	GlobalSection(ProjectConfigurationPlatforms) = postSolution
		{636B2D80-DCD4-4026-A58A-AF32E3D957E0}.Debug|x86.ActiveCfg = Debug|x86
		{636B2D80-DCD4-4026-A58A-AF32E3D957E0}.Debug|x86.Build.0 = Debug|x86
		{636B2D80-DCD4-4026-A58A-AF32E3D957E0}.Release|x86.ActiveCfg = Release|x86
		{636B2D80-DCD4-4026-A58A-AF32E3D957E0}.Release|x86.Build.0 = Release|x86
		{C63758A8-4045-4F73-A3FE-D6344B339B65}.Debug|x86.ActiveCfg = Debug|x86
		{C63758A8-4045-4F73-A3FE-D6344B339B65}.Release|x86.ActiveCfg = Release|x86
	EndGlobalSection
	GlobalSection(SolutionProperties) = preSolution
		HideSolutionNode = FALSE
	EndGlobalSection
EndGlobal
